
Microsoft Visual Studio Solution File, Format Version 12.00
# Visual Studio Version 17
VisualStudioVersion = 17.0.31903.59
MinimumVisualStudioVersion = 10.0.40219.1
Project("{2150E333-8FDC-42A3-9474-1A3956D46DE8}") = "src", "src", "{827E0CD3-B72D-47B6-A68D-7590B98EB39B}"
EndProject
Project("{FAE04EC0-301F-11D3-BF4B-00C04F79EFBC}") = "DevOpsAIAgent.Core", "src\DevOpsAIAgent.Core\DevOpsAIAgent.Core.csproj", "{037A57E3-36A9-40CF-9CEE-C083FC0EA413}"
EndProject
Project("{FAE04EC0-301F-11D3-BF4B-00C04F79EFBC}") = "DevOpsAIAgent.Data", "src\DevOpsAIAgent.Data\DevOpsAIAgent.Data.csproj", "{5C96B199-43E7-4590-BA15-96C4AFEEEE97}"
EndProject
Project("{FAE04EC0-301F-11D3-BF4B-00C04F79EFBC}") = "DevOpsAIAgent.App", "src\DevOpsAIAgent.App\DevOpsAIAgent.App.csproj", "{F2348AE4-16F0-45C9-B7FD-6B7893E20FF7}"
EndProject
Project("{FAE04EC0-301F-11D3-BF4B-00C04F79EFBC}") = "DevOpsAIAgent.Web", "src\DevOpsAIAgent.Web\DevOpsAIAgent.Web.csproj", "{50ED232A-56BB-482E-AC77-9B9A9E24359A}"
EndProject
Global
	GlobalSection(SolutionConfigurationPlatforms) = preSolution
		Debug|Any CPU = Debug|Any CPU
		Debug|x64 = Debug|x64
		Debug|x86 = Debug|x86
		Release|Any CPU = Release|Any CPU
		Release|x64 = Release|x64
		Release|x86 = Release|x86
	EndGlobalSection
	GlobalSection(ProjectConfigurationPlatforms) = postSolution
		{037A57E3-36A9-40CF-9CEE-C083FC0EA413}.Debug|Any CPU.ActiveCfg = Debug|Any CPU
		{037A57E3-36A9-40CF-9CEE-C083FC0EA413}.Debug|Any CPU.Build.0 = Debug|Any CPU
		{037A57E3-36A9-40CF-9CEE-C083FC0EA413}.Debug|x64.ActiveCfg = Debug|Any CPU
		{037A57E3-36A9-40CF-9CEE-C083FC0EA413}.Debug|x64.Build.0 = Debug|Any CPU
		{037A57E3-36A9-40CF-9CEE-C083FC0EA413}.Debug|x86.ActiveCfg = Debug|Any CPU
		{037A57E3-36A9-40CF-9CEE-C083FC0EA413}.Debug|x86.Build.0 = Debug|Any CPU
		{037A57E3-36A9-40CF-9CEE-C083FC0EA413}.Release|Any CPU.ActiveCfg = Release|Any CPU
		{037A57E3-36A9-40CF-9CEE-C083FC0EA413}.Release|Any CPU.Build.0 = Release|Any CPU
		{037A57E3-36A9-40CF-9CEE-C083FC0EA413}.Release|x64.ActiveCfg = Release|Any CPU
		{037A57E3-36A9-40CF-9CEE-C083FC0EA413}.Release|x64.Build.0 = Release|Any CPU
		{037A57E3-36A9-40CF-9CEE-C083FC0EA413}.Release|x86.ActiveCfg = Release|Any CPU
		{037A57E3-36A9-40CF-9CEE-C083FC0EA413}.Release|x86.Build.0 = Release|Any CPU
		{5C96B199-43E7-4590-BA15-96C4AFEEEE97}.Debug|Any CPU.ActiveCfg = Debug|Any CPU
		{5C96B199-43E7-4590-BA15-96C4AFEEEE97}.Debug|Any CPU.Build.0 = Debug|Any CPU
		{5C96B199-43E7-4590-BA15-96C4AFEEEE97}.Debug|x64.ActiveCfg = Debug|Any CPU
		{5C96B199-43E7-4590-BA15-96C4AFEEEE97}.Debug|x64.Build.0 = Debug|Any CPU
		{5C96B199-43E7-4590-BA15-96C4AFEEEE97}.Debug|x86.ActiveCfg = Debug|Any CPU
		{5C96B199-43E7-4590-BA15-96C4AFEEEE97}.Debug|x86.Build.0 = Debug|Any CPU
		{5C96B199-43E7-4590-BA15-96C4AFEEEE97}.Release|Any CPU.ActiveCfg = Release|Any CPU
		{5C96B199-43E7-4590-BA15-96C4AFEEEE97}.Release|Any CPU.Build.0 = Release|Any CPU
		{5C96B199-43E7-4590-BA15-96C4AFEEEE97}.Release|x64.ActiveCfg = Release|Any CPU
		{5C96B199-43E7-4590-BA15-96C4AFEEEE97}.Release|x64.Build.0 = Release|Any CPU
		{5C96B199-43E7-4590-BA15-96C4AFEEEE97}.Release|x86.ActiveCfg = Release|Any CPU
		{5C96B199-43E7-4590-BA15-96C4AFEEEE97}.Release|x86.Build.0 = Release|Any CPU
		{F2348AE4-16F0-45C9-B7FD-6B7893E20FF7}.Debug|Any CPU.ActiveCfg = Debug|Any CPU
		{F2348AE4-16F0-45C9-B7FD-6B7893E20FF7}.Debug|Any CPU.Build.0 = Debug|Any CPU
		{F2348AE4-16F0-45C9-B7FD-6B7893E20FF7}.Debug|x64.ActiveCfg = Debug|Any CPU
		{F2348AE4-16F0-45C9-B7FD-6B7893E20FF7}.Debug|x64.Build.0 = Debug|Any CPU
		{F2348AE4-16F0-45C9-B7FD-6B7893E20FF7}.Debug|x86.ActiveCfg = Debug|Any CPU
		{F2348AE4-16F0-45C9-B7FD-6B7893E20FF7}.Debug|x86.Build.0 = Debug|Any CPU
		{F2348AE4-16F0-45C9-B7FD-6B7893E20FF7}.Release|Any CPU.ActiveCfg = Release|Any CPU
		{F2348AE4-16F0-45C9-B7FD-6B7893E20FF7}.Release|Any CPU.Build.0 = Release|Any CPU
		{F2348AE4-16F0-45C9-B7FD-6B7893E20FF7}.Release|x64.ActiveCfg = Release|Any CPU
		{F2348AE4-16F0-45C9-B7FD-6B7893E20FF7}.Release|x64.Build.0 = Release|Any CPU
		{F2348AE4-16F0-45C9-B7FD-6B7893E20FF7}.Release|x86.ActiveCfg = Release|Any CPU
		{F2348AE4-16F0-45C9-B7FD-6B7893E20FF7}.Release|x86.Build.0 = Release|Any CPU
		{50ED232A-56BB-482E-AC77-9B9A9E24359A}.Debug|Any CPU.ActiveCfg = Debug|Any CPU
		{50ED232A-56BB-482E-AC77-9B9A9E24359A}.Debug|Any CPU.Build.0 = Debug|Any CPU
		{50ED232A-56BB-482E-AC77-9B9A9E24359A}.Debug|x64.ActiveCfg = Debug|Any CPU
		{50ED232A-56BB-482E-AC77-9B9A9E24359A}.Debug|x64.Build.0 = Debug|Any CPU
		{50ED232A-56BB-482E-AC77-9B9A9E24359A}.Debug|x86.ActiveCfg = Debug|Any CPU
		{50ED232A-56BB-482E-AC77-9B9A9E24359A}.Debug|x86.Build.0 = Debug|Any CPU
		{50ED232A-56BB-482E-AC77-9B9A9E24359A}.Release|Any CPU.ActiveCfg = Release|Any CPU
		{50ED232A-56BB-482E-AC77-9B9A9E24359A}.Release|Any CPU.Build.0 = Release|Any CPU
		{50ED232A-56BB-482E-AC77-9B9A9E24359A}.Release|x64.ActiveCfg = Release|Any CPU
		{50ED232A-56BB-482E-AC77-9B9A9E24359A}.Release|x64.Build.0 = Release|Any CPU
		{50ED232A-56BB-482E-AC77-9B9A9E24359A}.Release|x86.ActiveCfg = Release|Any CPU
		{50ED232A-56BB-482E-AC77-9B9A9E24359A}.Release|x86.Build.0 = Release|Any CPU
	EndGlobalSection
	GlobalSection(SolutionProperties) = preSolution
		HideSolutionNode = FALSE
	EndGlobalSection
	GlobalSection(NestedProjects) = preSolution
		{037A57E3-36A9-40CF-9CEE-C083FC0EA413} = {827E0CD3-B72D-47B6-A68D-7590B98EB39B}
		{5C96B199-43E7-4590-BA15-96C4AFEEEE97} = {827E0CD3-B72D-47B6-A68D-7590B98EB39B}
		{F2348AE4-16F0-45C9-B7FD-6B7893E20FF7} = {827E0CD3-B72D-47B6-A68D-7590B98EB39B}
		{50ED232A-56BB-482E-AC77-9B9A9E24359A} = {827E0CD3-B72D-47B6-A68D-7590B98EB39B}
	EndGlobalSection
EndGlobal
